
Microsoft Visual Studio Solution File, Format Version 12.00
# Visual Studio 14
VisualStudioVersion = 14.0.23107.0
MinimumVisualStudioVersion = 10.0.40219.1
Project("{2150E333-8FDC-42A3-9474-1A3956D46DE8}") = "Web", "Web", "{748ACF5D-96DD-4173-A4AE-5AE6A85996DC}"
EndProject
Project("{2150E333-8FDC-42A3-9474-1A3956D46DE8}") = "DAL", "DAL", "{8ABA874E-616D-449B-A481-3152BDCE3146}"
EndProject
Project("{2150E333-8FDC-42A3-9474-1A3956D46DE8}") = "Core", "Core", "{B27E02CB-1EC6-4F8D-8D7F-6D87C836C84B}"
EndProject
Project("{FAE04EC0-301F-11D3-BF4B-00C04F79EFBC}") = "Entries", "Entries\Entries.csproj", "{63BC5AAB-14C0-4241-B6FC-D5DEF7B084CE}"
EndProject
Project("{FAE04EC0-301F-11D3-BF4B-00C04F79EFBC}") = "Services", "Services\Services.csproj", "{9092A3EF-4124-424A-89B7-6444A71DAB4B}"
EndProject
Project("{2150E333-8FDC-42A3-9474-1A3956D46DE8}") = "Test", "Test", "{153A4B62-385F-415C-BD96-A19BC43869ED}"
EndProject
Project("{FAE04EC0-301F-11D3-BF4B-00C04F79EFBC}") = "ServicesTest", "ServicesTest\ServicesTest.csproj", "{93579BA0-5791-4F91-B735-CB8D03EB6076}"
EndProject
Global
	GlobalSection(SolutionConfigurationPlatforms) = preSolution
		Debug|Any CPU = Debug|Any CPU
		Release|Any CPU = Release|Any CPU
	EndGlobalSection
	GlobalSection(ProjectConfigurationPlatforms) = postSolution
		{63BC5AAB-14C0-4241-B6FC-D5DEF7B084CE}.Debug|Any CPU.ActiveCfg = Debug|Any CPU
		{63BC5AAB-14C0-4241-B6FC-D5DEF7B084CE}.Debug|Any CPU.Build.0 = Debug|Any CPU
		{63BC5AAB-14C0-4241-B6FC-D5DEF7B084CE}.Release|Any CPU.ActiveCfg = Release|Any CPU
		{63BC5AAB-14C0-4241-B6FC-D5DEF7B084CE}.Release|Any CPU.Build.0 = Release|Any CPU
		{9092A3EF-4124-424A-89B7-6444A71DAB4B}.Debug|Any CPU.ActiveCfg = Debug|Any CPU
		{9092A3EF-4124-424A-89B7-6444A71DAB4B}.Debug|Any CPU.Build.0 = Debug|Any CPU
		{9092A3EF-4124-424A-89B7-6444A71DAB4B}.Release|Any CPU.ActiveCfg = Release|Any CPU
		{9092A3EF-4124-424A-89B7-6444A71DAB4B}.Release|Any CPU.Build.0 = Release|Any CPU
		{93579BA0-5791-4F91-B735-CB8D03EB6076}.Debug|Any CPU.ActiveCfg = Debug|Any CPU
		{93579BA0-5791-4F91-B735-CB8D03EB6076}.Debug|Any CPU.Build.0 = Debug|Any CPU
		{93579BA0-5791-4F91-B735-CB8D03EB6076}.Release|Any CPU.ActiveCfg = Release|Any CPU
		{93579BA0-5791-4F91-B735-CB8D03EB6076}.Release|Any CPU.Build.0 = Release|Any CPU
	EndGlobalSection
	GlobalSection(SolutionProperties) = preSolution
		HideSolutionNode = FALSE
	EndGlobalSection
	GlobalSection(NestedProjects) = preSolution
		{63BC5AAB-14C0-4241-B6FC-D5DEF7B084CE} = {8ABA874E-616D-449B-A481-3152BDCE3146}
		{9092A3EF-4124-424A-89B7-6444A71DAB4B} = {B27E02CB-1EC6-4F8D-8D7F-6D87C836C84B}
		{93579BA0-5791-4F91-B735-CB8D03EB6076} = {153A4B62-385F-415C-BD96-A19BC43869ED}
	EndGlobalSection
EndGlobal
